{
  "requires": true,
  "lockfileVersion": 1,
  "dependencies": {
    "@wixc3/board-core": {
      "version": "1.2.0",
      "resolved": "https://registry.npmjs.org/@wixc3/board-core/-/board-core-1.2.0.tgz",
      "integrity": "sha512-dfmCiZdUrPLDWZ5NKCwflFTM0FkIqCaG85U1kjnGnHhU4jocilIb23EgEzBSKhvd4mQlOE0NqjotxUWLTRI1HA==",
      "dev": true
    },
    "@wixc3/react-board": {
      "version": "1.3.0",
      "resolved": "https://registry.npmjs.org/@wixc3/react-board/-/react-board-1.3.0.tgz",
      "integrity": "sha512-lnTP3Ew3vdypzH2QM6NOqLva4Tb8rZ+PyKVLgWKIqohDdvubjag9rowEzuwinj1Q6xcgDC17U2HC9QT74oGR1g==",
      "dev": true,
      "requires": {
        "@wixc3/board-core": "^1.2.0"
      }
    }
  }
}
